
Microsoft Visual Studio Solution File, Format Version 12.00
# Visual Studio Version 17
VisualStudioVersion = 17.0.31919.166
MinimumVisualStudioVersion = 10.0.40219.1
Project("{FAE04EC0-301F-11D3-BF4B-00C04F79EFBC}") = "Application_SECA", "Application_SECA\Application_SECA.csproj", "{30A356B1-2D6F-4CB2-9C2A-CEBC01E399C2}"
EndProject
Global
	GlobalSection(SolutionConfigurationPlatforms) = preSolution
		Debug|Any CPU = Debug|Any CPU
		Release|Any CPU = Release|Any CPU
	EndGlobalSection
	GlobalSection(ProjectConfigurationPlatforms) = postSolution
		{30A356B1-2D6F-4CB2-9C2A-CEBC01E399C2}.Debug|Any CPU.ActiveCfg = Debug|Any CPU
		{30A356B1-2D6F-4CB2-9C2A-CEBC01E399C2}.Debug|Any CPU.Build.0 = Debug|Any CPU
		{30A356B1-2D6F-4CB2-9C2A-CEBC01E399C2}.Release|Any CPU.ActiveCfg = Release|Any CPU
		{30A356B1-2D6F-4CB2-9C2A-CEBC01E399C2}.Release|Any CPU.Build.0 = Release|Any CPU
	EndGlobalSection
	GlobalSection(SolutionProperties) = preSolution
		HideSolutionNode = FALSE
	EndGlobalSection
	GlobalSection(ExtensibilityGlobals) = postSolution
		SolutionGuid = {1812E4B6-1662-4BA2-81D3-68CAAFD077C4}
	EndGlobalSection
EndGlobal
